
Microsoft Visual Studio Solution File, Format Version 12.00
# Visual Studio Version 16
VisualStudioVersion = 16.0.30711.63
MinimumVisualStudioVersion = 10.0.40219.1
Project("{FAE04EC0-301F-11D3-BF4B-00C04F79EFBC}") = "Work_With_Files", "Work_With_Files\Work_With_Files.csproj", "{B01DCA48-2DDC-4BAF-94BB-091E6F15C153}"
EndProject
Global
	GlobalSection(SolutionConfigurationPlatforms) = preSolution
		Debug|Any CPU = Debug|Any CPU
		Release|Any CPU = Release|Any CPU
	EndGlobalSection
	GlobalSection(ProjectConfigurationPlatforms) = postSolution
		{B01DCA48-2DDC-4BAF-94BB-091E6F15C153}.Debug|Any CPU.ActiveCfg = Debug|Any CPU
		{B01DCA48-2DDC-4BAF-94BB-091E6F15C153}.Debug|Any CPU.Build.0 = Debug|Any CPU
		{B01DCA48-2DDC-4BAF-94BB-091E6F15C153}.Release|Any CPU.ActiveCfg = Release|Any CPU
		{B01DCA48-2DDC-4BAF-94BB-091E6F15C153}.Release|Any CPU.Build.0 = Release|Any CPU
	EndGlobalSection
	GlobalSection(SolutionProperties) = preSolution
		HideSolutionNode = FALSE
	EndGlobalSection
	GlobalSection(ExtensibilityGlobals) = postSolution
		SolutionGuid = {865F91C2-9353-49C9-99B9-0AF260460569}
	EndGlobalSection
EndGlobal
