
Microsoft Visual Studio Solution File, Format Version 12.00
# Visual Studio Version 16
VisualStudioVersion = 16.0.34407.143
MinimumVisualStudioVersion = 10.0.40219.1
Project("{FAE04EC0-301F-11D3-BF4B-00C04F79EFBC}") = "ConsoleApp6", "ConsoleApp6\ConsoleApp6.csproj", "{CF837B09-DF64-485B-B70E-4C1588E3E039}"
EndProject
Global
	GlobalSection(SolutionConfigurationPlatforms) = preSolution
		Debug|Any CPU = Debug|Any CPU
		Release|Any CPU = Release|Any CPU
	EndGlobalSection
	GlobalSection(ProjectConfigurationPlatforms) = postSolution
		{CF837B09-DF64-485B-B70E-4C1588E3E039}.Debug|Any CPU.ActiveCfg = Debug|Any CPU
		{CF837B09-DF64-485B-B70E-4C1588E3E039}.Debug|Any CPU.Build.0 = Debug|Any CPU
		{CF837B09-DF64-485B-B70E-4C1588E3E039}.Release|Any CPU.ActiveCfg = Release|Any CPU
		{CF837B09-DF64-485B-B70E-4C1588E3E039}.Release|Any CPU.Build.0 = Release|Any CPU
	EndGlobalSection
	GlobalSection(SolutionProperties) = preSolution
		HideSolutionNode = FALSE
	EndGlobalSection
	GlobalSection(ExtensibilityGlobals) = postSolution
		SolutionGuid = {6BF8D4DF-172F-47FA-ABD9-5F0E878426D0}
	EndGlobalSection
EndGlobal
