
Microsoft Visual Studio Solution File, Format Version 12.00
# Visual Studio Version 16
VisualStudioVersion = 16.0.30711.63
MinimumVisualStudioVersion = 10.0.40219.1
Project("{FAE04EC0-301F-11D3-BF4B-00C04F79EFBC}") = "OS_Sat", "OS_Sat\OS_Sat.csproj", "{1F21DDAC-3AE7-41E5-B5E8-5451381A8C76}"
EndProject
Global
	GlobalSection(SolutionConfigurationPlatforms) = preSolution
		Debug|Any CPU = Debug|Any CPU
		Release|Any CPU = Release|Any CPU
	EndGlobalSection
	GlobalSection(ProjectConfigurationPlatforms) = postSolution
		{1F21DDAC-3AE7-41E5-B5E8-5451381A8C76}.Debug|Any CPU.ActiveCfg = Debug|Any CPU
		{1F21DDAC-3AE7-41E5-B5E8-5451381A8C76}.Debug|Any CPU.Build.0 = Debug|Any CPU
		{1F21DDAC-3AE7-41E5-B5E8-5451381A8C76}.Release|Any CPU.ActiveCfg = Release|Any CPU
		{1F21DDAC-3AE7-41E5-B5E8-5451381A8C76}.Release|Any CPU.Build.0 = Release|Any CPU
	EndGlobalSection
	GlobalSection(SolutionProperties) = preSolution
		HideSolutionNode = FALSE
	EndGlobalSection
	GlobalSection(ExtensibilityGlobals) = postSolution
		SolutionGuid = {BF4B5602-21F5-497E-8E0C-F720CBA9ABCD}
	EndGlobalSection
EndGlobal
